// !$*UTF8*$!
{
	archiveVersion = 1;
	classes = {
	};
	objectVersion = 56;
	objects = {

/* Begin PBXBuildFile section */
		661BD3592AA6AFEB00A4AC62 /* Activity.swift in Sources */ = {isa = PBXBuildFile; fileRef = 661BD3582AA6AFEB00A4AC62 /* Activity.swift */; };
		661BD35B2AA6B17A00A4AC62 /* ActivityLVC.swift in Sources */ = {isa = PBXBuildFile; fileRef = 661BD35A2AA6B17A00A4AC62 /* ActivityLVC.swift */; };
		664627C72AA6A367005CB176 /* Activity.storyboard in Resources */ = {isa = PBXBuildFile; fileRef = 664627C62AA6A367005CB176 /* Activity.storyboard */; };
		6670FA8C2AA6CBBB00E4B2B8 /* ActivityLVC+DataSource.swift in Sources */ = {isa = PBXBuildFile; fileRef = 6670FA8B2AA6CBBB00E4B2B8 /* ActivityLVC+DataSource.swift */; };
		6670FA8E2AA6EEB800E4B2B8 /* ActivityVC.swift in Sources */ = {isa = PBXBuildFile; fileRef = 6670FA8D2AA6EEB800E4B2B8 /* ActivityVC.swift */; };
		6670FA912AA6F0FD00E4B2B8 /* ActivityVC+Row.swift in Sources */ = {isa = PBXBuildFile; fileRef = 6670FA902AA6F0FD00E4B2B8 /* ActivityVC+Row.swift */; };
		6690D04B2AA55E63005C0DE2 /* AppDelegate.swift in Sources */ = {isa = PBXBuildFile; fileRef = 6690D04A2AA55E63005C0DE2 /* AppDelegate.swift */; };
		6690D04D2AA55E63005C0DE2 /* SceneDelegate.swift in Sources */ = {isa = PBXBuildFile; fileRef = 6690D04C2AA55E63005C0DE2 /* SceneDelegate.swift */; };
		6690D04F2AA55E63005C0DE2 /* HomeVC.swift in Sources */ = {isa = PBXBuildFile; fileRef = 6690D04E2AA55E63005C0DE2 /* HomeVC.swift */; };
		6690D0522AA55E63005C0DE2 /* Main.storyboard in Resources */ = {isa = PBXBuildFile; fileRef = 6690D0502AA55E63005C0DE2 /* Main.storyboard */; };
		6690D0542AA55E66005C0DE2 /* Assets.xcassets in Resources */ = {isa = PBXBuildFile; fileRef = 6690D0532AA55E66005C0DE2 /* Assets.xcassets */; };
		6690D0572AA55E66005C0DE2 /* LaunchScreen.storyboard in Resources */ = {isa = PBXBuildFile; fileRef = 6690D0552AA55E66005C0DE2 /* LaunchScreen.storyboard */; };
		6690D0652AA57278005C0DE2 /* LearnVC.swift in Sources */ = {isa = PBXBuildFile; fileRef = 6690D0642AA57278005C0DE2 /* LearnVC.swift */; };
		6690D0672AA5728F005C0DE2 /* ProfileVC.swift in Sources */ = {isa = PBXBuildFile; fileRef = 6690D0662AA5728F005C0DE2 /* ProfileVC.swift */; };
		6690D06A2AA5782C005C0DE2 /* Home.storyboard in Resources */ = {isa = PBXBuildFile; fileRef = 6690D0682AA5782C005C0DE2 /* Home.storyboard */; };
		6690D0702AA5786C005C0DE2 /* Learn.storyboard in Resources */ = {isa = PBXBuildFile; fileRef = 6690D06E2AA5786B005C0DE2 /* Learn.storyboard */; };
		6690D0732AA57880005C0DE2 /* Profile.storyboard in Resources */ = {isa = PBXBuildFile; fileRef = 6690D0712AA57880005C0DE2 /* Profile.storyboard */; };
/* End PBXBuildFile section */

/* Begin PBXFileReference section */
		661BD3582AA6AFEB00A4AC62 /* Activity.swift */ = {isa = PBXFileReference; lastKnownFileType = sourcecode.swift; path = Activity.swift; sourceTree = "<group>"; };
		661BD35A2AA6B17A00A4AC62 /* ActivityLVC.swift */ = {isa = PBXFileReference; lastKnownFileType = sourcecode.swift; path = ActivityLVC.swift; sourceTree = "<group>"; };
		664627C62AA6A367005CB176 /* Activity.storyboard */ = {isa = PBXFileReference; lastKnownFileType = file.storyboard; path = Activity.storyboard; sourceTree = "<group>"; };
		6670FA8B2AA6CBBB00E4B2B8 /* ActivityLVC+DataSource.swift */ = {isa = PBXFileReference; lastKnownFileType = sourcecode.swift; path = "ActivityLVC+DataSource.swift"; sourceTree = "<group>"; };
		6670FA8D2AA6EEB800E4B2B8 /* ActivityVC.swift */ = {isa = PBXFileReference; lastKnownFileType = sourcecode.swift; path = ActivityVC.swift; sourceTree = "<group>"; };
		6670FA902AA6F0FD00E4B2B8 /* ActivityVC+Row.swift */ = {isa = PBXFileReference; lastKnownFileType = sourcecode.swift; path = "ActivityVC+Row.swift"; sourceTree = "<group>"; };
		6690D0472AA55E63005C0DE2 /* SEL4C-APP.app */ = {isa = PBXFileReference; explicitFileType = wrapper.application; includeInIndex = 0; path = "SEL4C-APP.app"; sourceTree = BUILT_PRODUCTS_DIR; };
		6690D04A2AA55E63005C0DE2 /* AppDelegate.swift */ = {isa = PBXFileReference; lastKnownFileType = sourcecode.swift; path = AppDelegate.swift; sourceTree = "<group>"; };
		6690D04C2AA55E63005C0DE2 /* SceneDelegate.swift */ = {isa = PBXFileReference; lastKnownFileType = sourcecode.swift; path = SceneDelegate.swift; sourceTree = "<group>"; };
		6690D04E2AA55E63005C0DE2 /* HomeVC.swift */ = {isa = PBXFileReference; lastKnownFileType = sourcecode.swift; path = HomeVC.swift; sourceTree = "<group>"; };
		6690D0512AA55E63005C0DE2 /* Base */ = {isa = PBXFileReference; lastKnownFileType = file.storyboard; name = Base; path = Base.lproj/Main.storyboard; sourceTree = "<group>"; };
		6690D0532AA55E66005C0DE2 /* Assets.xcassets */ = {isa = PBXFileReference; lastKnownFileType = folder.assetcatalog; path = Assets.xcassets; sourceTree = "<group>"; };
		6690D0562AA55E66005C0DE2 /* Base */ = {isa = PBXFileReference; lastKnownFileType = file.storyboard; name = Base; path = Base.lproj/LaunchScreen.storyboard; sourceTree = "<group>"; };
		6690D0582AA55E66005C0DE2 /* Info.plist */ = {isa = PBXFileReference; lastKnownFileType = text.plist.xml; path = Info.plist; sourceTree = "<group>"; };
		6690D0642AA57278005C0DE2 /* LearnVC.swift */ = {isa = PBXFileReference; lastKnownFileType = sourcecode.swift; path = LearnVC.swift; sourceTree = "<group>"; };
		6690D0662AA5728F005C0DE2 /* ProfileVC.swift */ = {isa = PBXFileReference; lastKnownFileType = sourcecode.swift; path = ProfileVC.swift; sourceTree = "<group>"; };
		6690D0692AA5782C005C0DE2 /* Base */ = {isa = PBXFileReference; lastKnownFileType = file.storyboard; name = Base; path = "SEL4C-APP/Storyboards/Base.lproj/Home.storyboard"; sourceTree = "<group>"; };
		6690D06F2AA5786B005C0DE2 /* Base */ = {isa = PBXFileReference; lastKnownFileType = file.storyboard; name = Base; path = "SEL4C-APP/Storyboards/Base.lproj/Learn.storyboard"; sourceTree = "<group>"; };
		6690D0722AA57880005C0DE2 /* Base */ = {isa = PBXFileReference; lastKnownFileType = file.storyboard; name = Base; path = "SEL4C-APP/Storyboards/Base.lproj/Profile.storyboard"; sourceTree = "<group>"; };
/* End PBXFileReference section */

/* Begin PBXFrameworksBuildPhase section */
		6690D0442AA55E63005C0DE2 /* Frameworks */ = {
			isa = PBXFrameworksBuildPhase;
			buildActionMask = 2147483647;
			files = (
			);
			runOnlyForDeploymentPostprocessing = 0;
		};
/* End PBXFrameworksBuildPhase section */

/* Begin PBXGroup section */
		661BD3572AA6AFC100A4AC62 /* Models */ = {
			isa = PBXGroup;
			children = (
				661BD3582AA6AFEB00A4AC62 /* Activity.swift */,
			);
			path = Models;
			sourceTree = "<group>";
		};
		6670FA8A2AA6CB7300E4B2B8 /* ListViewControllers */ = {
			isa = PBXGroup;
			children = (
				6670FA8B2AA6CBBB00E4B2B8 /* ActivityLVC+DataSource.swift */,
			);
			path = ListViewControllers;
			sourceTree = "<group>";
		};
		6670FA8F2AA6F00D00E4B2B8 /* DetailViewController */ = {
			isa = PBXGroup;
			children = (
				6670FA8D2AA6EEB800E4B2B8 /* ActivityVC.swift */,
				6670FA902AA6F0FD00E4B2B8 /* ActivityVC+Row.swift */,
			);
			path = DetailViewController;
			sourceTree = "<group>";
		};
		6690D03E2AA55E63005C0DE2 = {
			isa = PBXGroup;
			children = (
				6690D0492AA55E63005C0DE2 /* SEL4C-APP */,
				6690D0482AA55E63005C0DE2 /* Products */,
			);
			sourceTree = "<group>";
		};
		6690D0482AA55E63005C0DE2 /* Products */ = {
			isa = PBXGroup;
			children = (
				6690D0472AA55E63005C0DE2 /* SEL4C-APP.app */,
			);
			name = Products;
			sourceTree = "<group>";
		};
		6690D0492AA55E63005C0DE2 /* SEL4C-APP */ = {
			isa = PBXGroup;
			children = (
				661BD3572AA6AFC100A4AC62 /* Models */,
				66CA76982AA57EDF001D3D24 /* Storyboards */,
				6690D0612AA5720F005C0DE2 /* ViewControllers */,
				6690D04A2AA55E63005C0DE2 /* AppDelegate.swift */,
				6690D04C2AA55E63005C0DE2 /* SceneDelegate.swift */,
				6690D0532AA55E66005C0DE2 /* Assets.xcassets */,
				6690D0582AA55E66005C0DE2 /* Info.plist */,
			);
			path = "SEL4C-APP";
			sourceTree = "<group>";
		};
		6690D0612AA5720F005C0DE2 /* ViewControllers */ = {
			isa = PBXGroup;
			children = (
				6670FA8A2AA6CB7300E4B2B8 /* ListViewControllers */,
				6670FA8F2AA6F00D00E4B2B8 /* DetailViewController */,
				6690D04E2AA55E63005C0DE2 /* HomeVC.swift */,
				6690D0642AA57278005C0DE2 /* LearnVC.swift */,
				6690D0662AA5728F005C0DE2 /* ProfileVC.swift */,
				661BD35A2AA6B17A00A4AC62 /* ActivityLVC.swift */,
			);
			path = ViewControllers;
			sourceTree = "<group>";
		};
		66CA76982AA57EDF001D3D24 /* Storyboards */ = {
			isa = PBXGroup;
			children = (
				6690D0552AA55E66005C0DE2 /* LaunchScreen.storyboard */,
				6690D0502AA55E63005C0DE2 /* Main.storyboard */,
				6690D0682AA5782C005C0DE2 /* Home.storyboard */,
				664627C62AA6A367005CB176 /* Activity.storyboard */,
				6690D06E2AA5786B005C0DE2 /* Learn.storyboard */,
				6690D0712AA57880005C0DE2 /* Profile.storyboard */,
			);
			path = Storyboards;
			sourceTree = "<group>";
		};
/* End PBXGroup section */

/* Begin PBXNativeTarget section */
		6690D0462AA55E63005C0DE2 /* SEL4C-APP */ = {
			isa = PBXNativeTarget;
			buildConfigurationList = 6690D05B2AA55E66005C0DE2 /* Build configuration list for PBXNativeTarget "SEL4C-APP" */;
			buildPhases = (
				6690D0432AA55E63005C0DE2 /* Sources */,
				6690D0442AA55E63005C0DE2 /* Frameworks */,
				6690D0452AA55E63005C0DE2 /* Resources */,
			);
			buildRules = (
			);
			dependencies = (
			);
			name = "SEL4C-APP";
			productName = "SEL4C-APP";
			productReference = 6690D0472AA55E63005C0DE2 /* SEL4C-APP.app */;
			productType = "com.apple.product-type.application";
		};
/* End PBXNativeTarget section */

/* Begin PBXProject section */
		6690D03F2AA55E63005C0DE2 /* Project object */ = {
			isa = PBXProject;
			attributes = {
				BuildIndependentTargetsInParallel = 1;
				LastSwiftUpdateCheck = 1430;
				LastUpgradeCheck = 1430;
				TargetAttributes = {
					6690D0462AA55E63005C0DE2 = {
						CreatedOnToolsVersion = 14.3.1;
					};
				};
			};
			buildConfigurationList = 6690D0422AA55E63005C0DE2 /* Build configuration list for PBXProject "SEL4C-APP" */;
			compatibilityVersion = "Xcode 14.0";
			developmentRegion = en;
			hasScannedForEncodings = 0;
			knownRegions = (
				en,
				Base,
			);
			mainGroup = 6690D03E2AA55E63005C0DE2;
			productRefGroup = 6690D0482AA55E63005C0DE2 /* Products */;
			projectDirPath = "";
			projectRoot = "";
			targets = (
				6690D0462AA55E63005C0DE2 /* SEL4C-APP */,
			);
		};
/* End PBXProject section */

/* Begin PBXResourcesBuildPhase section */
		6690D0452AA55E63005C0DE2 /* Resources */ = {
			isa = PBXResourcesBuildPhase;
			buildActionMask = 2147483647;
			files = (
				6690D0702AA5786C005C0DE2 /* Learn.storyboard in Resources */,
				6690D0572AA55E66005C0DE2 /* LaunchScreen.storyboard in Resources */,
				6690D06A2AA5782C005C0DE2 /* Home.storyboard in Resources */,
				6690D0542AA55E66005C0DE2 /* Assets.xcassets in Resources */,
				6690D0732AA57880005C0DE2 /* Profile.storyboard in Resources */,
				6690D0522AA55E63005C0DE2 /* Main.storyboard in Resources */,
				664627C72AA6A367005CB176 /* Activity.storyboard in Resources */,
			);
			runOnlyForDeploymentPostprocessing = 0;
		};
/* End PBXResourcesBuildPhase section */

/* Begin PBXSourcesBuildPhase section */
		6690D0432AA55E63005C0DE2 /* Sources */ = {
			isa = PBXSourcesBuildPhase;
			buildActionMask = 2147483647;
			files = (
				6690D0672AA5728F005C0DE2 /* ProfileVC.swift in Sources */,
				6690D04F2AA55E63005C0DE2 /* HomeVC.swift in Sources */,
				661BD35B2AA6B17A00A4AC62 /* ActivityLVC.swift in Sources */,
				6670FA8E2AA6EEB800E4B2B8 /* ActivityVC.swift in Sources */,
				6670FA912AA6F0FD00E4B2B8 /* ActivityVC+Row.swift in Sources */,
				6690D0652AA57278005C0DE2 /* LearnVC.swift in Sources */,
				6670FA8C2AA6CBBB00E4B2B8 /* ActivityLVC+DataSource.swift in Sources */,
				6690D04B2AA55E63005C0DE2 /* AppDelegate.swift in Sources */,
				661BD3592AA6AFEB00A4AC62 /* Activity.swift in Sources */,
				6690D04D2AA55E63005C0DE2 /* SceneDelegate.swift in Sources */,
			);
			runOnlyForDeploymentPostprocessing = 0;
		};
/* End PBXSourcesBuildPhase section */

/* Begin PBXVariantGroup section */
		6690D0502AA55E63005C0DE2 /* Main.storyboard */ = {
			isa = PBXVariantGroup;
			children = (
				6690D0512AA55E63005C0DE2 /* Base */,
			);
			name = Main.storyboard;
			sourceTree = "<group>";
		};
		6690D0552AA55E66005C0DE2 /* LaunchScreen.storyboard */ = {
			isa = PBXVariantGroup;
			children = (
				6690D0562AA55E66005C0DE2 /* Base */,
			);
			name = LaunchScreen.storyboard;
			sourceTree = "<group>";
		};
		6690D0682AA5782C005C0DE2 /* Home.storyboard */ = {
			isa = PBXVariantGroup;
			children = (
				6690D0692AA5782C005C0DE2 /* Base */,
			);
			name = Home.storyboard;
			sourceTree = "<group>";
		};
		6690D06E2AA5786B005C0DE2 /* Learn.storyboard */ = {
			isa = PBXVariantGroup;
			children = (
				6690D06F2AA5786B005C0DE2 /* Base */,
			);
			name = Learn.storyboard;
			sourceTree = "<group>";
		};
		6690D0712AA57880005C0DE2 /* Profile.storyboard */ = {
			isa = PBXVariantGroup;
			children = (
				6690D0722AA57880005C0DE2 /* Base */,
			);
			name = Profile.storyboard;
			sourceTree = "<group>";
		};
/* End PBXVariantGroup section */

/* Begin XCBuildConfiguration section */
		6690D0592AA55E66005C0DE2 /* Debug */ = {
			isa = XCBuildConfiguration;
			buildSettings = {
				ALWAYS_SEARCH_USER_PATHS = NO;
				CLANG_ANALYZER_NONNULL = YES;
				CLANG_ANALYZER_NUMBER_OBJECT_CONVERSION = YES_AGGRESSIVE;
				CLANG_CXX_LANGUAGE_STANDARD = "gnu++20";
				CLANG_ENABLE_MODULES = YES;
				CLANG_ENABLE_OBJC_ARC = YES;
				CLANG_ENABLE_OBJC_WEAK = YES;
				CLANG_WARN_BLOCK_CAPTURE_AUTORELEASING = YES;
				CLANG_WARN_BOOL_CONVERSION = YES;
				CLANG_WARN_COMMA = YES;
				CLANG_WARN_CONSTANT_CONVERSION = YES;
				CLANG_WARN_DEPRECATED_OBJC_IMPLEMENTATIONS = YES;
				CLANG_WARN_DIRECT_OBJC_ISA_USAGE = YES_ERROR;
				CLANG_WARN_DOCUMENTATION_COMMENTS = YES;
				CLANG_WARN_EMPTY_BODY = YES;
				CLANG_WARN_ENUM_CONVERSION = YES;
				CLANG_WARN_INFINITE_RECURSION = YES;
				CLANG_WARN_INT_CONVERSION = YES;
				CLANG_WARN_NON_LITERAL_NULL_CONVERSION = YES;
				CLANG_WARN_OBJC_IMPLICIT_RETAIN_SELF = YES;
				CLANG_WARN_OBJC_LITERAL_CONVERSION = YES;
				CLANG_WARN_OBJC_ROOT_CLASS = YES_ERROR;
				CLANG_WARN_QUOTED_INCLUDE_IN_FRAMEWORK_HEADER = YES;
				CLANG_WARN_RANGE_LOOP_ANALYSIS = YES;
				CLANG_WARN_STRICT_PROTOTYPES = YES;
				CLANG_WARN_SUSPICIOUS_MOVE = YES;
				CLANG_WARN_UNGUARDED_AVAILABILITY = YES_AGGRESSIVE;
				CLANG_WARN_UNREACHABLE_CODE = YES;
				CLANG_WARN__DUPLICATE_METHOD_MATCH = YES;
				COPY_PHASE_STRIP = NO;
				DEBUG_INFORMATION_FORMAT = dwarf;
				ENABLE_STRICT_OBJC_MSGSEND = YES;
				ENABLE_TESTABILITY = YES;
				GCC_C_LANGUAGE_STANDARD = gnu11;
				GCC_DYNAMIC_NO_PIC = NO;
				GCC_NO_COMMON_BLOCKS = YES;
				GCC_OPTIMIZATION_LEVEL = 0;
				GCC_PREPROCESSOR_DEFINITIONS = (
					"DEBUG=1",
					"$(inherited)",
				);
				GCC_WARN_64_TO_32_BIT_CONVERSION = YES;
				GCC_WARN_ABOUT_RETURN_TYPE = YES_ERROR;
				GCC_WARN_UNDECLARED_SELECTOR = YES;
				GCC_WARN_UNINITIALIZED_AUTOS = YES_AGGRESSIVE;
				GCC_WARN_UNUSED_FUNCTION = YES;
				GCC_WARN_UNUSED_VARIABLE = YES;
				IPHONEOS_DEPLOYMENT_TARGET = 16.4;
				MTL_ENABLE_DEBUG_INFO = INCLUDE_SOURCE;
				MTL_FAST_MATH = YES;
				ONLY_ACTIVE_ARCH = YES;
				SDKROOT = iphoneos;
				SWIFT_ACTIVE_COMPILATION_CONDITIONS = DEBUG;
				SWIFT_OPTIMIZATION_LEVEL = "-Onone";
			};
			name = Debug;
		};
		6690D05A2AA55E66005C0DE2 /* Release */ = {
			isa = XCBuildConfiguration;
			buildSettings = {
				ALWAYS_SEARCH_USER_PATHS = NO;
				CLANG_ANALYZER_NONNULL = YES;
				CLANG_ANALYZER_NUMBER_OBJECT_CONVERSION = YES_AGGRESSIVE;
				CLANG_CXX_LANGUAGE_STANDARD = "gnu++20";
				CLANG_ENABLE_MODULES = YES;
				CLANG_ENABLE_OBJC_ARC = YES;
				CLANG_ENABLE_OBJC_WEAK = YES;
				CLANG_WARN_BLOCK_CAPTURE_AUTORELEASING = YES;
				CLANG_WARN_BOOL_CONVERSION = YES;
				CLANG_WARN_COMMA = YES;
				CLANG_WARN_CONSTANT_CONVERSION = YES;
				CLANG_WARN_DEPRECATED_OBJC_IMPLEMENTATIONS = YES;
				CLANG_WARN_DIRECT_OBJC_ISA_USAGE = YES_ERROR;
				CLANG_WARN_DOCUMENTATION_COMMENTS = YES;
				CLANG_WARN_EMPTY_BODY = YES;
				CLANG_WARN_ENUM_CONVERSION = YES;
				CLANG_WARN_INFINITE_RECURSION = YES;
				CLANG_WARN_INT_CONVERSION = YES;
				CLANG_WARN_NON_LITERAL_NULL_CONVERSION = YES;
				CLANG_WARN_OBJC_IMPLICIT_RETAIN_SELF = YES;
				CLANG_WARN_OBJC_LITERAL_CONVERSION = YES;
				CLANG_WARN_OBJC_ROOT_CLASS = YES_ERROR;
				CLANG_WARN_QUOTED_INCLUDE_IN_FRAMEWORK_HEADER = YES;
				CLANG_WARN_RANGE_LOOP_ANALYSIS = YES;
				CLANG_WARN_STRICT_PROTOTYPES = YES;
				CLANG_WARN_SUSPICIOUS_MOVE = YES;
				CLANG_WARN_UNGUARDED_AVAILABILITY = YES_AGGRESSIVE;
				CLANG_WARN_UNREACHABLE_CODE = YES;
				CLANG_WARN__DUPLICATE_METHOD_MATCH = YES;
				COPY_PHASE_STRIP = NO;
				DEBUG_INFORMATION_FORMAT = "dwarf-with-dsym";
				ENABLE_NS_ASSERTIONS = NO;
				ENABLE_STRICT_OBJC_MSGSEND = YES;
				GCC_C_LANGUAGE_STANDARD = gnu11;
				GCC_NO_COMMON_BLOCKS = YES;
				GCC_WARN_64_TO_32_BIT_CONVERSION = YES;
				GCC_WARN_ABOUT_RETURN_TYPE = YES_ERROR;
				GCC_WARN_UNDECLARED_SELECTOR = YES;
				GCC_WARN_UNINITIALIZED_AUTOS = YES_AGGRESSIVE;
				GCC_WARN_UNUSED_FUNCTION = YES;
				GCC_WARN_UNUSED_VARIABLE = YES;
				IPHONEOS_DEPLOYMENT_TARGET = 16.4;
				MTL_ENABLE_DEBUG_INFO = NO;
				MTL_FAST_MATH = YES;
				SDKROOT = iphoneos;
				SWIFT_COMPILATION_MODE = wholemodule;
				SWIFT_OPTIMIZATION_LEVEL = "-O";
				VALIDATE_PRODUCT = YES;
			};
			name = Release;
		};
		6690D05C2AA55E66005C0DE2 /* Debug */ = {
			isa = XCBuildConfiguration;
			buildSettings = {
				ASSETCATALOG_COMPILER_APPICON_NAME = AppIcon;
				ASSETCATALOG_COMPILER_GLOBAL_ACCENT_COLOR_NAME = AccentColor;
				CODE_SIGN_STYLE = Automatic;
				CURRENT_PROJECT_VERSION = 1;
				DEVELOPMENT_TEAM = Q6LLKHW795;
				GENERATE_INFOPLIST_FILE = YES;
				INFOPLIST_FILE = "SEL4C-APP/Info.plist";
				INFOPLIST_KEY_CFBundleDisplayName = SEL4C;
				INFOPLIST_KEY_LSApplicationCategoryType = "public.app-category.education";
				INFOPLIST_KEY_UIApplicationSupportsIndirectInputEvents = YES;
				INFOPLIST_KEY_UILaunchStoryboardName = LaunchScreen;
				INFOPLIST_KEY_UIMainStoryboardFile = Main;
				INFOPLIST_KEY_UISupportedInterfaceOrientations = UIInterfaceOrientationPortrait;
				INFOPLIST_KEY_UISupportedInterfaceOrientations_iPad = "UIInterfaceOrientationLandscapeLeft UIInterfaceOrientationLandscapeRight UIInterfaceOrientationPortrait UIInterfaceOrientationPortraitUpsideDown";
				LD_RUNPATH_SEARCH_PATHS = (
					"$(inherited)",
					"@executable_path/Frameworks",
				);
				MARKETING_VERSION = 1.0;
				PRODUCT_BUNDLE_IDENTIFIER = "mx.a01782488.SEL4C-APP";
				PRODUCT_NAME = "$(TARGET_NAME)";
				SWIFT_EMIT_LOC_STRINGS = YES;
				SWIFT_VERSION = 5.0;
				TARGETED_DEVICE_FAMILY = "1,2";
			};
			name = Debug;
		};
		6690D05D2AA55E66005C0DE2 /* Release */ = {
			isa = XCBuildConfiguration;
			buildSettings = {
				ASSETCATALOG_COMPILER_APPICON_NAME = AppIcon;
				ASSETCATALOG_COMPILER_GLOBAL_ACCENT_COLOR_NAME = AccentColor;
				CODE_SIGN_STYLE = Automatic;
				CURRENT_PROJECT_VERSION = 1;
				DEVELOPMENT_TEAM = Q6LLKHW795;
				GENERATE_INFOPLIST_FILE = YES;
				INFOPLIST_FILE = "SEL4C-APP/Info.plist";
				INFOPLIST_KEY_CFBundleDisplayName = SEL4C;
				INFOPLIST_KEY_LSApplicationCategoryType = "public.app-category.education";
				INFOPLIST_KEY_UIApplicationSupportsIndirectInputEvents = YES;
				INFOPLIST_KEY_UILaunchStoryboardName = LaunchScreen;
				INFOPLIST_KEY_UIMainStoryboardFile = Main;
				INFOPLIST_KEY_UISupportedInterfaceOrientations = UIInterfaceOrientationPortrait;
				INFOPLIST_KEY_UISupportedInterfaceOrientations_iPad = "UIInterfaceOrientationLandscapeLeft UIInterfaceOrientationLandscapeRight UIInterfaceOrientationPortrait UIInterfaceOrientationPortraitUpsideDown";
				LD_RUNPATH_SEARCH_PATHS = (
					"$(inherited)",
					"@executable_path/Frameworks",
				);
				MARKETING_VERSION = 1.0;
				PRODUCT_BUNDLE_IDENTIFIER = "mx.a01782488.SEL4C-APP";
				PRODUCT_NAME = "$(TARGET_NAME)";
				SWIFT_EMIT_LOC_STRINGS = YES;
				SWIFT_VERSION = 5.0;
				TARGETED_DEVICE_FAMILY = "1,2";
			};
			name = Release;
		};
/* End XCBuildConfiguration section */

/* Begin XCConfigurationList section */
		6690D0422AA55E63005C0DE2 /* Build configuration list for PBXProject "SEL4C-APP" */ = {
			isa = XCConfigurationList;
			buildConfigurations = (
				6690D0592AA55E66005C0DE2 /* Debug */,
				6690D05A2AA55E66005C0DE2 /* Release */,
			);
			defaultConfigurationIsVisible = 0;
			defaultConfigurationName = Release;
		};
		6690D05B2AA55E66005C0DE2 /* Build configuration list for PBXNativeTarget "SEL4C-APP" */ = {
			isa = XCConfigurationList;
			buildConfigurations = (
				6690D05C2AA55E66005C0DE2 /* Debug */,
				6690D05D2AA55E66005C0DE2 /* Release */,
			);
			defaultConfigurationIsVisible = 0;
			defaultConfigurationName = Release;
		};
/* End XCConfigurationList section */
	};
	rootObject = 6690D03F2AA55E63005C0DE2 /* Project object */;
}
