// !$*UTF8*$!
{
	archiveVersion = 1;
	classes = {
	};
	objectVersion = 56;
	objects = {

/* Begin PBXBuildFile section */
		4FA2B6C32ACFD37C0009200D /* Answer.swift in Sources */ = {isa = PBXBuildFile; fileRef = 4FA2B6C22ACFD37C0009200D /* Answer.swift */; };
		4FA2B6C52ACFD3B90009200D /* UserResponses.swift in Sources */ = {isa = PBXBuildFile; fileRef = 4FA2B6C42ACFD3B90009200D /* UserResponses.swift */; };
		4FA2B6C72ACFD3D00009200D /* UserResponsesController.swift in Sources */ = {isa = PBXBuildFile; fileRef = 4FA2B6C62ACFD3D00009200D /* UserResponsesController.swift */; };
		661BD3592AA6AFEB00A4AC62 /* Activity.swift in Sources */ = {isa = PBXBuildFile; fileRef = 661BD3582AA6AFEB00A4AC62 /* Activity.swift */; };
		661BD35B2AA6B17A00A4AC62 /* ActivityLVC.swift in Sources */ = {isa = PBXBuildFile; fileRef = 661BD35A2AA6B17A00A4AC62 /* ActivityLVC.swift */; };
		664627C72AA6A367005CB176 /* Activity.storyboard in Resources */ = {isa = PBXBuildFile; fileRef = 664627C62AA6A367005CB176 /* Activity.storyboard */; };
		6660E79F2ACD46050053A5D7 /* ActivityVC+Section.swift in Sources */ = {isa = PBXBuildFile; fileRef = 6660E79E2ACD46050053A5D7 /* ActivityVC+Section.swift */; };
		6660E7A92ACE2D510053A5D7 /* SEL4C_APP_Tests.swift in Sources */ = {isa = PBXBuildFile; fileRef = 6660E7A82ACE2D510053A5D7 /* SEL4C_APP_Tests.swift */; };
		6660E8162ACFB2000053A5D7 /* Activity1VC.swift in Sources */ = {isa = PBXBuildFile; fileRef = 6660E8152ACFB2000053A5D7 /* Activity1VC.swift */; };
		6660E8172ACFB2000053A5D7 /* Activity1VC.swift in Sources */ = {isa = PBXBuildFile; fileRef = 6660E8152ACFB2000053A5D7 /* Activity1VC.swift */; };
		6670FA8C2AA6CBBB00E4B2B8 /* ActivityLVC+DataSource.swift in Sources */ = {isa = PBXBuildFile; fileRef = 6670FA8B2AA6CBBB00E4B2B8 /* ActivityLVC+DataSource.swift */; };
		6670FA8E2AA6EEB800E4B2B8 /* ActivityVC.swift in Sources */ = {isa = PBXBuildFile; fileRef = 6670FA8D2AA6EEB800E4B2B8 /* ActivityVC.swift */; };
		6670FA912AA6F0FD00E4B2B8 /* ActivityVC+Row.swift in Sources */ = {isa = PBXBuildFile; fileRef = 6670FA902AA6F0FD00E4B2B8 /* ActivityVC+Row.swift */; };
		6690D04B2AA55E63005C0DE2 /* AppDelegate.swift in Sources */ = {isa = PBXBuildFile; fileRef = 6690D04A2AA55E63005C0DE2 /* AppDelegate.swift */; };
		6690D04D2AA55E63005C0DE2 /* SceneDelegate.swift in Sources */ = {isa = PBXBuildFile; fileRef = 6690D04C2AA55E63005C0DE2 /* SceneDelegate.swift */; };
		6690D04F2AA55E63005C0DE2 /* HomeVC.swift in Sources */ = {isa = PBXBuildFile; fileRef = 6690D04E2AA55E63005C0DE2 /* HomeVC.swift */; };
		6690D0522AA55E63005C0DE2 /* Main.storyboard in Resources */ = {isa = PBXBuildFile; fileRef = 6690D0502AA55E63005C0DE2 /* Main.storyboard */; };
		6690D0542AA55E66005C0DE2 /* Assets.xcassets in Resources */ = {isa = PBXBuildFile; fileRef = 6690D0532AA55E66005C0DE2 /* Assets.xcassets */; };
		6690D0572AA55E66005C0DE2 /* LaunchScreen.storyboard in Resources */ = {isa = PBXBuildFile; fileRef = 6690D0552AA55E66005C0DE2 /* LaunchScreen.storyboard */; };
		6690D0652AA57278005C0DE2 /* LearnVC.swift in Sources */ = {isa = PBXBuildFile; fileRef = 6690D0642AA57278005C0DE2 /* LearnVC.swift */; };
		6690D0672AA5728F005C0DE2 /* ProfileVC.swift in Sources */ = {isa = PBXBuildFile; fileRef = 6690D0662AA5728F005C0DE2 /* ProfileVC.swift */; };
		6690D06A2AA5782C005C0DE2 /* Home.storyboard in Resources */ = {isa = PBXBuildFile; fileRef = 6690D0682AA5782C005C0DE2 /* Home.storyboard */; };
		6690D0702AA5786C005C0DE2 /* Learn.storyboard in Resources */ = {isa = PBXBuildFile; fileRef = 6690D06E2AA5786B005C0DE2 /* Learn.storyboard */; };
		6690D0732AA57880005C0DE2 /* Profile.storyboard in Resources */ = {isa = PBXBuildFile; fileRef = 6690D0712AA57880005C0DE2 /* Profile.storyboard */; };
		669CE2102AA94FD9000E676F /* PasswordVC.swift in Sources */ = {isa = PBXBuildFile; fileRef = 669CE20F2AA94FD9000E676F /* PasswordVC.swift */; };
		66BB95772AA81A9C00DEF549 /* LoginVC.swift in Sources */ = {isa = PBXBuildFile; fileRef = 66BB95762AA81A9C00DEF549 /* LoginVC.swift */; };
		66BB95792AA81AE500DEF549 /* RegisterVC.swift in Sources */ = {isa = PBXBuildFile; fileRef = 66BB95782AA81AE500DEF549 /* RegisterVC.swift */; };
		66BB957B2AA81DD700DEF549 /* WelcomeVC.swift in Sources */ = {isa = PBXBuildFile; fileRef = 66BB957A2AA81DD700DEF549 /* WelcomeVC.swift */; };
		66BB957F2AA8789B00DEF549 /* TempActivities.storyboard in Resources */ = {isa = PBXBuildFile; fileRef = 66BB957E2AA8789B00DEF549 /* TempActivities.storyboard */; };
		66BB95812AA87DA500DEF549 /* Activity4VC.swift in Sources */ = {isa = PBXBuildFile; fileRef = 66BB95802AA87DA500DEF549 /* Activity4VC.swift */; };
		66BB95832AA8896800DEF549 /* Test.storyboard in Resources */ = {isa = PBXBuildFile; fileRef = 66BB95822AA8896800DEF549 /* Test.storyboard */; };
		66BB95852AA889DB00DEF549 /* TestVC.swift in Sources */ = {isa = PBXBuildFile; fileRef = 66BB95842AA889DB00DEF549 /* TestVC.swift */; };
		66BB95872AA88A5900DEF549 /* Poll2Controller.swift in Sources */ = {isa = PBXBuildFile; fileRef = 66BB95862AA88A5900DEF549 /* Poll2Controller.swift */; };
		66BB95892AA88B1A00DEF549 /* EcomplexityEngine.swift in Sources */ = {isa = PBXBuildFile; fileRef = 66BB95882AA88B1A00DEF549 /* EcomplexityEngine.swift */; };
		66BB958B2AA88B2A00DEF549 /* Question.swift in Sources */ = {isa = PBXBuildFile; fileRef = 66BB958A2AA88B2A00DEF549 /* Question.swift */; };
/* End PBXBuildFile section */

/* Begin PBXContainerItemProxy section */
		6660E7AA2ACE2D510053A5D7 /* PBXContainerItemProxy */ = {
			isa = PBXContainerItemProxy;
			containerPortal = 6690D03F2AA55E63005C0DE2 /* Project object */;
			proxyType = 1;
			remoteGlobalIDString = 6690D0462AA55E63005C0DE2;
			remoteInfo = "SEL4C-APP";
		};
/* End PBXContainerItemProxy section */

/* Begin PBXFileReference section */
		4FA2B6C22ACFD37C0009200D /* Answer.swift */ = {isa = PBXFileReference; lastKnownFileType = sourcecode.swift; path = Answer.swift; sourceTree = "<group>"; };
		4FA2B6C42ACFD3B90009200D /* UserResponses.swift */ = {isa = PBXFileReference; lastKnownFileType = sourcecode.swift; path = UserResponses.swift; sourceTree = "<group>"; };
		4FA2B6C62ACFD3D00009200D /* UserResponsesController.swift */ = {isa = PBXFileReference; lastKnownFileType = sourcecode.swift; path = UserResponsesController.swift; sourceTree = "<group>"; };
		661BD3582AA6AFEB00A4AC62 /* Activity.swift */ = {isa = PBXFileReference; lastKnownFileType = sourcecode.swift; path = Activity.swift; sourceTree = "<group>"; };
		661BD35A2AA6B17A00A4AC62 /* ActivityLVC.swift */ = {isa = PBXFileReference; lastKnownFileType = sourcecode.swift; path = ActivityLVC.swift; sourceTree = "<group>"; };
		664627C62AA6A367005CB176 /* Activity.storyboard */ = {isa = PBXFileReference; lastKnownFileType = file.storyboard; path = Activity.storyboard; sourceTree = "<group>"; };
		6660E79E2ACD46050053A5D7 /* ActivityVC+Section.swift */ = {isa = PBXFileReference; lastKnownFileType = sourcecode.swift; path = "ActivityVC+Section.swift"; sourceTree = "<group>"; };
		6660E7A62ACE2D510053A5D7 /* SEL4C-APP-Tests.xctest */ = {isa = PBXFileReference; explicitFileType = wrapper.cfbundle; includeInIndex = 0; path = "SEL4C-APP-Tests.xctest"; sourceTree = BUILT_PRODUCTS_DIR; };
		6660E7A82ACE2D510053A5D7 /* SEL4C_APP_Tests.swift */ = {isa = PBXFileReference; lastKnownFileType = sourcecode.swift; path = SEL4C_APP_Tests.swift; sourceTree = "<group>"; };
		6660E8152ACFB2000053A5D7 /* Activity1VC.swift */ = {isa = PBXFileReference; lastKnownFileType = sourcecode.swift; path = Activity1VC.swift; sourceTree = "<group>"; };
		6670FA8B2AA6CBBB00E4B2B8 /* ActivityLVC+DataSource.swift */ = {isa = PBXFileReference; lastKnownFileType = sourcecode.swift; path = "ActivityLVC+DataSource.swift"; sourceTree = "<group>"; };
		6670FA8D2AA6EEB800E4B2B8 /* ActivityVC.swift */ = {isa = PBXFileReference; lastKnownFileType = sourcecode.swift; path = ActivityVC.swift; sourceTree = "<group>"; };
		6670FA902AA6F0FD00E4B2B8 /* ActivityVC+Row.swift */ = {isa = PBXFileReference; lastKnownFileType = sourcecode.swift; path = "ActivityVC+Row.swift"; sourceTree = "<group>"; };
		6690D0472AA55E63005C0DE2 /* SEL4C-APP.app */ = {isa = PBXFileReference; explicitFileType = wrapper.application; includeInIndex = 0; path = "SEL4C-APP.app"; sourceTree = BUILT_PRODUCTS_DIR; };
		6690D04A2AA55E63005C0DE2 /* AppDelegate.swift */ = {isa = PBXFileReference; lastKnownFileType = sourcecode.swift; path = AppDelegate.swift; sourceTree = "<group>"; };
		6690D04C2AA55E63005C0DE2 /* SceneDelegate.swift */ = {isa = PBXFileReference; lastKnownFileType = sourcecode.swift; path = SceneDelegate.swift; sourceTree = "<group>"; };
		6690D04E2AA55E63005C0DE2 /* HomeVC.swift */ = {isa = PBXFileReference; lastKnownFileType = sourcecode.swift; path = HomeVC.swift; sourceTree = "<group>"; };
		6690D0512AA55E63005C0DE2 /* Base */ = {isa = PBXFileReference; lastKnownFileType = file.storyboard; name = Base; path = Base.lproj/Main.storyboard; sourceTree = "<group>"; };
		6690D0532AA55E66005C0DE2 /* Assets.xcassets */ = {isa = PBXFileReference; lastKnownFileType = folder.assetcatalog; path = Assets.xcassets; sourceTree = "<group>"; };
		6690D0562AA55E66005C0DE2 /* Base */ = {isa = PBXFileReference; lastKnownFileType = file.storyboard; name = Base; path = Base.lproj/LaunchScreen.storyboard; sourceTree = "<group>"; };
		6690D0582AA55E66005C0DE2 /* Info.plist */ = {isa = PBXFileReference; lastKnownFileType = text.plist.xml; path = Info.plist; sourceTree = "<group>"; };
		6690D0642AA57278005C0DE2 /* LearnVC.swift */ = {isa = PBXFileReference; lastKnownFileType = sourcecode.swift; path = LearnVC.swift; sourceTree = "<group>"; };
		6690D0662AA5728F005C0DE2 /* ProfileVC.swift */ = {isa = PBXFileReference; lastKnownFileType = sourcecode.swift; path = ProfileVC.swift; sourceTree = "<group>"; };
		6690D0692AA5782C005C0DE2 /* Base */ = {isa = PBXFileReference; lastKnownFileType = file.storyboard; name = Base; path = "SEL4C-APP/Storyboards/Base.lproj/Home.storyboard"; sourceTree = "<group>"; };
		6690D06F2AA5786B005C0DE2 /* Base */ = {isa = PBXFileReference; lastKnownFileType = file.storyboard; name = Base; path = "SEL4C-APP/Storyboards/Base.lproj/Learn.storyboard"; sourceTree = "<group>"; };
		6690D0722AA57880005C0DE2 /* Base */ = {isa = PBXFileReference; lastKnownFileType = file.storyboard; name = Base; path = "SEL4C-APP/Storyboards/Base.lproj/Profile.storyboard"; sourceTree = "<group>"; };
		669CE20F2AA94FD9000E676F /* PasswordVC.swift */ = {isa = PBXFileReference; lastKnownFileType = sourcecode.swift; path = PasswordVC.swift; sourceTree = "<group>"; };
		66BB95762AA81A9C00DEF549 /* LoginVC.swift */ = {isa = PBXFileReference; lastKnownFileType = sourcecode.swift; path = LoginVC.swift; sourceTree = "<group>"; };
		66BB95782AA81AE500DEF549 /* RegisterVC.swift */ = {isa = PBXFileReference; lastKnownFileType = sourcecode.swift; path = RegisterVC.swift; sourceTree = "<group>"; };
		66BB957A2AA81DD700DEF549 /* WelcomeVC.swift */ = {isa = PBXFileReference; lastKnownFileType = sourcecode.swift; path = WelcomeVC.swift; sourceTree = "<group>"; };
		66BB957E2AA8789B00DEF549 /* TempActivities.storyboard */ = {isa = PBXFileReference; lastKnownFileType = file.storyboard; path = TempActivities.storyboard; sourceTree = "<group>"; };
		66BB95802AA87DA500DEF549 /* Activity4VC.swift */ = {isa = PBXFileReference; lastKnownFileType = sourcecode.swift; path = Activity4VC.swift; sourceTree = "<group>"; };
		66BB95822AA8896800DEF549 /* Test.storyboard */ = {isa = PBXFileReference; lastKnownFileType = file.storyboard; path = Test.storyboard; sourceTree = "<group>"; };
		66BB95842AA889DB00DEF549 /* TestVC.swift */ = {isa = PBXFileReference; lastKnownFileType = sourcecode.swift; path = TestVC.swift; sourceTree = "<group>"; };
		66BB95862AA88A5900DEF549 /* Poll2Controller.swift */ = {isa = PBXFileReference; lastKnownFileType = sourcecode.swift; path = Poll2Controller.swift; sourceTree = "<group>"; };
		66BB95882AA88B1A00DEF549 /* EcomplexityEngine.swift */ = {isa = PBXFileReference; lastKnownFileType = sourcecode.swift; path = EcomplexityEngine.swift; sourceTree = "<group>"; };
		66BB958A2AA88B2A00DEF549 /* Question.swift */ = {isa = PBXFileReference; lastKnownFileType = sourcecode.swift; path = Question.swift; sourceTree = "<group>"; };
/* End PBXFileReference section */

/* Begin PBXFrameworksBuildPhase section */
		6660E7A32ACE2D510053A5D7 /* Frameworks */ = {
			isa = PBXFrameworksBuildPhase;
			buildActionMask = 2147483647;
			files = (
			);
			runOnlyForDeploymentPostprocessing = 0;
		};
		6690D0442AA55E63005C0DE2 /* Frameworks */ = {
			isa = PBXFrameworksBuildPhase;
			buildActionMask = 2147483647;
			files = (
			);
			runOnlyForDeploymentPostprocessing = 0;
		};
/* End PBXFrameworksBuildPhase section */

/* Begin PBXGroup section */
		661BD3572AA6AFC100A4AC62 /* Models */ = {
			isa = PBXGroup;
			children = (
				661BD3582AA6AFEB00A4AC62 /* Activity.swift */,
				66BB95882AA88B1A00DEF549 /* EcomplexityEngine.swift */,
				66BB958A2AA88B2A00DEF549 /* Question.swift */,
				4FA2B6C22ACFD37C0009200D /* Answer.swift */,
				4FA2B6C42ACFD3B90009200D /* UserResponses.swift */,
				4FA2B6C62ACFD3D00009200D /* UserResponsesController.swift */,
			);
			path = Models;
			sourceTree = "<group>";
		};
		6660E7A72ACE2D510053A5D7 /* SEL4C-APP-Tests */ = {
			isa = PBXGroup;
			children = (
				6660E7A82ACE2D510053A5D7 /* SEL4C_APP_Tests.swift */,
			);
			path = "SEL4C-APP-Tests";
			sourceTree = "<group>";
		};
		6670FA8A2AA6CB7300E4B2B8 /* ListViewControllers */ = {
			isa = PBXGroup;
			children = (
				6670FA8B2AA6CBBB00E4B2B8 /* ActivityLVC+DataSource.swift */,
			);
			path = ListViewControllers;
			sourceTree = "<group>";
		};
		6670FA8F2AA6F00D00E4B2B8 /* DetailViewController */ = {
			isa = PBXGroup;
			children = (
				6670FA8D2AA6EEB800E4B2B8 /* ActivityVC.swift */,
				6670FA902AA6F0FD00E4B2B8 /* ActivityVC+Row.swift */,
				6660E79E2ACD46050053A5D7 /* ActivityVC+Section.swift */,
			);
			path = DetailViewController;
			sourceTree = "<group>";
		};
		6690D03E2AA55E63005C0DE2 = {
			isa = PBXGroup;
			children = (
				6690D0492AA55E63005C0DE2 /* SEL4C-APP */,
				6660E7A72ACE2D510053A5D7 /* SEL4C-APP-Tests */,
				6690D0482AA55E63005C0DE2 /* Products */,
			);
			sourceTree = "<group>";
		};
		6690D0482AA55E63005C0DE2 /* Products */ = {
			isa = PBXGroup;
			children = (
				6690D0472AA55E63005C0DE2 /* SEL4C-APP.app */,
				6660E7A62ACE2D510053A5D7 /* SEL4C-APP-Tests.xctest */,
			);
			name = Products;
			sourceTree = "<group>";
		};
		6690D0492AA55E63005C0DE2 /* SEL4C-APP */ = {
			isa = PBXGroup;
			children = (
				661BD3572AA6AFC100A4AC62 /* Models */,
				66CA76982AA57EDF001D3D24 /* Storyboards */,
				6690D0612AA5720F005C0DE2 /* ViewControllers */,
				6690D04A2AA55E63005C0DE2 /* AppDelegate.swift */,
				6690D04C2AA55E63005C0DE2 /* SceneDelegate.swift */,
				6690D0532AA55E66005C0DE2 /* Assets.xcassets */,
				6690D0582AA55E66005C0DE2 /* Info.plist */,
			);
			path = "SEL4C-APP";
			sourceTree = "<group>";
		};
		6690D0612AA5720F005C0DE2 /* ViewControllers */ = {
			isa = PBXGroup;
			children = (
				6670FA8A2AA6CB7300E4B2B8 /* ListViewControllers */,
				6670FA8F2AA6F00D00E4B2B8 /* DetailViewController */,
				6690D04E2AA55E63005C0DE2 /* HomeVC.swift */,
				6690D0642AA57278005C0DE2 /* LearnVC.swift */,
				66BB95802AA87DA500DEF549 /* Activity4VC.swift */,
				6660E8152ACFB2000053A5D7 /* Activity1VC.swift */,
				6690D0662AA5728F005C0DE2 /* ProfileVC.swift */,
				661BD35A2AA6B17A00A4AC62 /* ActivityLVC.swift */,
				66BB95862AA88A5900DEF549 /* Poll2Controller.swift */,
				669CE20F2AA94FD9000E676F /* PasswordVC.swift */,
				66BB95762AA81A9C00DEF549 /* LoginVC.swift */,
				66BB95842AA889DB00DEF549 /* TestVC.swift */,
				66BB95782AA81AE500DEF549 /* RegisterVC.swift */,
				66BB957A2AA81DD700DEF549 /* WelcomeVC.swift */,
			);
			path = ViewControllers;
			sourceTree = "<group>";
		};
		66CA76982AA57EDF001D3D24 /* Storyboards */ = {
			isa = PBXGroup;
			children = (
				6690D0552AA55E66005C0DE2 /* LaunchScreen.storyboard */,
				6690D0502AA55E63005C0DE2 /* Main.storyboard */,
				6690D0682AA5782C005C0DE2 /* Home.storyboard */,
				66BB957E2AA8789B00DEF549 /* TempActivities.storyboard */,
				664627C62AA6A367005CB176 /* Activity.storyboard */,
				6690D06E2AA5786B005C0DE2 /* Learn.storyboard */,
				6690D0712AA57880005C0DE2 /* Profile.storyboard */,
				66BB95822AA8896800DEF549 /* Test.storyboard */,
			);
			path = Storyboards;
			sourceTree = "<group>";
		};
/* End PBXGroup section */

/* Begin PBXNativeTarget section */
		6660E7A52ACE2D510053A5D7 /* SEL4C-APP-Tests */ = {
			isa = PBXNativeTarget;
			buildConfigurationList = 6660E7AC2ACE2D510053A5D7 /* Build configuration list for PBXNativeTarget "SEL4C-APP-Tests" */;
			buildPhases = (
				6660E7A22ACE2D510053A5D7 /* Sources */,
				6660E7A32ACE2D510053A5D7 /* Frameworks */,
				6660E7A42ACE2D510053A5D7 /* Resources */,
			);
			buildRules = (
			);
			dependencies = (
				6660E7AB2ACE2D510053A5D7 /* PBXTargetDependency */,
			);
			name = "SEL4C-APP-Tests";
			productName = "SEL4C-APP-Tests";
			productReference = 6660E7A62ACE2D510053A5D7 /* SEL4C-APP-Tests.xctest */;
			productType = "com.apple.product-type.bundle.unit-test";
		};
		6690D0462AA55E63005C0DE2 /* SEL4C-APP */ = {
			isa = PBXNativeTarget;
			buildConfigurationList = 6690D05B2AA55E66005C0DE2 /* Build configuration list for PBXNativeTarget "SEL4C-APP" */;
			buildPhases = (
				6690D0432AA55E63005C0DE2 /* Sources */,
				6690D0442AA55E63005C0DE2 /* Frameworks */,
				6690D0452AA55E63005C0DE2 /* Resources */,
			);
			buildRules = (
			);
			dependencies = (
			);
			name = "SEL4C-APP";
			productName = "SEL4C-APP";
			productReference = 6690D0472AA55E63005C0DE2 /* SEL4C-APP.app */;
			productType = "com.apple.product-type.application";
		};
/* End PBXNativeTarget section */

/* Begin PBXProject section */
		6690D03F2AA55E63005C0DE2 /* Project object */ = {
			isa = PBXProject;
			attributes = {
				BuildIndependentTargetsInParallel = 1;
				LastSwiftUpdateCheck = 1500;
				LastUpgradeCheck = 1430;
				TargetAttributes = {
					6660E7A52ACE2D510053A5D7 = {
						CreatedOnToolsVersion = 15.0;
						TestTargetID = 6690D0462AA55E63005C0DE2;
					};
					6690D0462AA55E63005C0DE2 = {
						CreatedOnToolsVersion = 14.3.1;
					};
				};
			};
			buildConfigurationList = 6690D0422AA55E63005C0DE2 /* Build configuration list for PBXProject "SEL4C-APP" */;
			compatibilityVersion = "Xcode 14.0";
			developmentRegion = en;
			hasScannedForEncodings = 0;
			knownRegions = (
				en,
				Base,
			);
			mainGroup = 6690D03E2AA55E63005C0DE2;
			productRefGroup = 6690D0482AA55E63005C0DE2 /* Products */;
			projectDirPath = "";
			projectRoot = "";
			targets = (
				6690D0462AA55E63005C0DE2 /* SEL4C-APP */,
				6660E7A52ACE2D510053A5D7 /* SEL4C-APP-Tests */,
			);
		};
/* End PBXProject section */

/* Begin PBXResourcesBuildPhase section */
		6660E7A42ACE2D510053A5D7 /* Resources */ = {
			isa = PBXResourcesBuildPhase;
			buildActionMask = 2147483647;
			files = (
			);
			runOnlyForDeploymentPostprocessing = 0;
		};
		6690D0452AA55E63005C0DE2 /* Resources */ = {
			isa = PBXResourcesBuildPhase;
			buildActionMask = 2147483647;
			files = (
				6690D0702AA5786C005C0DE2 /* Learn.storyboard in Resources */,
				6690D0572AA55E66005C0DE2 /* LaunchScreen.storyboard in Resources */,
				6690D06A2AA5782C005C0DE2 /* Home.storyboard in Resources */,
				66BB957F2AA8789B00DEF549 /* TempActivities.storyboard in Resources */,
				6690D0542AA55E66005C0DE2 /* Assets.xcassets in Resources */,
				6690D0732AA57880005C0DE2 /* Profile.storyboard in Resources */,
				66BB95832AA8896800DEF549 /* Test.storyboard in Resources */,
				6690D0522AA55E63005C0DE2 /* Main.storyboard in Resources */,
				664627C72AA6A367005CB176 /* Activity.storyboard in Resources */,
			);
			runOnlyForDeploymentPostprocessing = 0;
		};
/* End PBXResourcesBuildPhase section */

/* Begin PBXSourcesBuildPhase section */
		6660E7A22ACE2D510053A5D7 /* Sources */ = {
			isa = PBXSourcesBuildPhase;
			buildActionMask = 2147483647;
			files = (
				6660E7A92ACE2D510053A5D7 /* SEL4C_APP_Tests.swift in Sources */,
				6660E8172ACFB2000053A5D7 /* Activity1VC.swift in Sources */,
			);
			runOnlyForDeploymentPostprocessing = 0;
		};
		6690D0432AA55E63005C0DE2 /* Sources */ = {
			isa = PBXSourcesBuildPhase;
			buildActionMask = 2147483647;
			files = (
				66BB95852AA889DB00DEF549 /* TestVC.swift in Sources */,
				66BB95772AA81A9C00DEF549 /* LoginVC.swift in Sources */,
				6690D0672AA5728F005C0DE2 /* ProfileVC.swift in Sources */,
				4FA2B6C32ACFD37C0009200D /* Answer.swift in Sources */,
				6690D04F2AA55E63005C0DE2 /* HomeVC.swift in Sources */,
				6660E79F2ACD46050053A5D7 /* ActivityVC+Section.swift in Sources */,
				661BD35B2AA6B17A00A4AC62 /* ActivityLVC.swift in Sources */,
				66BB957B2AA81DD700DEF549 /* WelcomeVC.swift in Sources */,
				6670FA8E2AA6EEB800E4B2B8 /* ActivityVC.swift in Sources */,
				6660E8162ACFB2000053A5D7 /* Activity1VC.swift in Sources */,
				6670FA912AA6F0FD00E4B2B8 /* ActivityVC+Row.swift in Sources */,
				6690D0652AA57278005C0DE2 /* LearnVC.swift in Sources */,
				6670FA8C2AA6CBBB00E4B2B8 /* ActivityLVC+DataSource.swift in Sources */,
				6690D04B2AA55E63005C0DE2 /* AppDelegate.swift in Sources */,
				669CE2102AA94FD9000E676F /* PasswordVC.swift in Sources */,
				66BB95892AA88B1A00DEF549 /* EcomplexityEngine.swift in Sources */,
				66BB95872AA88A5900DEF549 /* Poll2Controller.swift in Sources */,
				66BB958B2AA88B2A00DEF549 /* Question.swift in Sources */,
<<<<<<< Updated upstream
				4FA2B6C72ACFD3D00009200D /* UserResponsesController.swift in Sources */,
				66BB95812AA87DA500DEF549 /* TempActivityVC.swift in Sources */,
=======
				66BB95812AA87DA500DEF549 /* Activity4VC.swift in Sources */,
>>>>>>> Stashed changes
				66BB95792AA81AE500DEF549 /* RegisterVC.swift in Sources */,
				4FA2B6C52ACFD3B90009200D /* UserResponses.swift in Sources */,
				661BD3592AA6AFEB00A4AC62 /* Activity.swift in Sources */,
				6690D04D2AA55E63005C0DE2 /* SceneDelegate.swift in Sources */,
			);
			runOnlyForDeploymentPostprocessing = 0;
		};
/* End PBXSourcesBuildPhase section */

/* Begin PBXTargetDependency section */
		6660E7AB2ACE2D510053A5D7 /* PBXTargetDependency */ = {
			isa = PBXTargetDependency;
			target = 6690D0462AA55E63005C0DE2 /* SEL4C-APP */;
			targetProxy = 6660E7AA2ACE2D510053A5D7 /* PBXContainerItemProxy */;
		};
/* End PBXTargetDependency section */

/* Begin PBXVariantGroup section */
		6690D0502AA55E63005C0DE2 /* Main.storyboard */ = {
			isa = PBXVariantGroup;
			children = (
				6690D0512AA55E63005C0DE2 /* Base */,
			);
			name = Main.storyboard;
			sourceTree = "<group>";
		};
		6690D0552AA55E66005C0DE2 /* LaunchScreen.storyboard */ = {
			isa = PBXVariantGroup;
			children = (
				6690D0562AA55E66005C0DE2 /* Base */,
			);
			name = LaunchScreen.storyboard;
			sourceTree = "<group>";
		};
		6690D0682AA5782C005C0DE2 /* Home.storyboard */ = {
			isa = PBXVariantGroup;
			children = (
				6690D0692AA5782C005C0DE2 /* Base */,
			);
			name = Home.storyboard;
			sourceTree = "<group>";
		};
		6690D06E2AA5786B005C0DE2 /* Learn.storyboard */ = {
			isa = PBXVariantGroup;
			children = (
				6690D06F2AA5786B005C0DE2 /* Base */,
			);
			name = Learn.storyboard;
			sourceTree = "<group>";
		};
		6690D0712AA57880005C0DE2 /* Profile.storyboard */ = {
			isa = PBXVariantGroup;
			children = (
				6690D0722AA57880005C0DE2 /* Base */,
			);
			name = Profile.storyboard;
			sourceTree = "<group>";
		};
/* End PBXVariantGroup section */

/* Begin XCBuildConfiguration section */
		6660E7AD2ACE2D510053A5D7 /* Debug */ = {
			isa = XCBuildConfiguration;
			buildSettings = {
				ASSETCATALOG_COMPILER_GENERATE_SWIFT_ASSET_SYMBOL_EXTENSIONS = YES;
				BUNDLE_LOADER = "$(TEST_HOST)";
				CODE_SIGN_STYLE = Automatic;
				CURRENT_PROJECT_VERSION = 1;
				DEVELOPMENT_TEAM = Q6LLKHW795;
				ENABLE_USER_SCRIPT_SANDBOXING = YES;
				GCC_C_LANGUAGE_STANDARD = gnu17;
				GENERATE_INFOPLIST_FILE = YES;
				IPHONEOS_DEPLOYMENT_TARGET = 17.0;
				LOCALIZATION_PREFERS_STRING_CATALOGS = YES;
				MARKETING_VERSION = 1.0;
				PRODUCT_BUNDLE_IDENTIFIER = "mx.a01782488.SEL4C-APP-Tests";
				PRODUCT_NAME = "$(TARGET_NAME)";
				SWIFT_ACTIVE_COMPILATION_CONDITIONS = "DEBUG $(inherited)";
				SWIFT_EMIT_LOC_STRINGS = NO;
				SWIFT_VERSION = 5.0;
				TARGETED_DEVICE_FAMILY = "1,2";
				TEST_HOST = "$(BUILT_PRODUCTS_DIR)/SEL4C-APP.app/$(BUNDLE_EXECUTABLE_FOLDER_PATH)/SEL4C-APP";
			};
			name = Debug;
		};
		6660E7AE2ACE2D510053A5D7 /* Release */ = {
			isa = XCBuildConfiguration;
			buildSettings = {
				ASSETCATALOG_COMPILER_GENERATE_SWIFT_ASSET_SYMBOL_EXTENSIONS = YES;
				BUNDLE_LOADER = "$(TEST_HOST)";
				CODE_SIGN_STYLE = Automatic;
				CURRENT_PROJECT_VERSION = 1;
				DEVELOPMENT_TEAM = Q6LLKHW795;
				ENABLE_USER_SCRIPT_SANDBOXING = YES;
				GCC_C_LANGUAGE_STANDARD = gnu17;
				GENERATE_INFOPLIST_FILE = YES;
				IPHONEOS_DEPLOYMENT_TARGET = 17.0;
				LOCALIZATION_PREFERS_STRING_CATALOGS = YES;
				MARKETING_VERSION = 1.0;
				PRODUCT_BUNDLE_IDENTIFIER = "mx.a01782488.SEL4C-APP-Tests";
				PRODUCT_NAME = "$(TARGET_NAME)";
				SWIFT_EMIT_LOC_STRINGS = NO;
				SWIFT_VERSION = 5.0;
				TARGETED_DEVICE_FAMILY = "1,2";
				TEST_HOST = "$(BUILT_PRODUCTS_DIR)/SEL4C-APP.app/$(BUNDLE_EXECUTABLE_FOLDER_PATH)/SEL4C-APP";
			};
			name = Release;
		};
		6690D0592AA55E66005C0DE2 /* Debug */ = {
			isa = XCBuildConfiguration;
			buildSettings = {
				ALWAYS_SEARCH_USER_PATHS = NO;
				CLANG_ANALYZER_NONNULL = YES;
				CLANG_ANALYZER_NUMBER_OBJECT_CONVERSION = YES_AGGRESSIVE;
				CLANG_CXX_LANGUAGE_STANDARD = "gnu++20";
				CLANG_ENABLE_MODULES = YES;
				CLANG_ENABLE_OBJC_ARC = YES;
				CLANG_ENABLE_OBJC_WEAK = YES;
				CLANG_WARN_BLOCK_CAPTURE_AUTORELEASING = YES;
				CLANG_WARN_BOOL_CONVERSION = YES;
				CLANG_WARN_COMMA = YES;
				CLANG_WARN_CONSTANT_CONVERSION = YES;
				CLANG_WARN_DEPRECATED_OBJC_IMPLEMENTATIONS = YES;
				CLANG_WARN_DIRECT_OBJC_ISA_USAGE = YES_ERROR;
				CLANG_WARN_DOCUMENTATION_COMMENTS = YES;
				CLANG_WARN_EMPTY_BODY = YES;
				CLANG_WARN_ENUM_CONVERSION = YES;
				CLANG_WARN_INFINITE_RECURSION = YES;
				CLANG_WARN_INT_CONVERSION = YES;
				CLANG_WARN_NON_LITERAL_NULL_CONVERSION = YES;
				CLANG_WARN_OBJC_IMPLICIT_RETAIN_SELF = YES;
				CLANG_WARN_OBJC_LITERAL_CONVERSION = YES;
				CLANG_WARN_OBJC_ROOT_CLASS = YES_ERROR;
				CLANG_WARN_QUOTED_INCLUDE_IN_FRAMEWORK_HEADER = YES;
				CLANG_WARN_RANGE_LOOP_ANALYSIS = YES;
				CLANG_WARN_STRICT_PROTOTYPES = YES;
				CLANG_WARN_SUSPICIOUS_MOVE = YES;
				CLANG_WARN_UNGUARDED_AVAILABILITY = YES_AGGRESSIVE;
				CLANG_WARN_UNREACHABLE_CODE = YES;
				CLANG_WARN__DUPLICATE_METHOD_MATCH = YES;
				COPY_PHASE_STRIP = NO;
				DEBUG_INFORMATION_FORMAT = dwarf;
				ENABLE_STRICT_OBJC_MSGSEND = YES;
				ENABLE_TESTABILITY = YES;
				GCC_C_LANGUAGE_STANDARD = gnu11;
				GCC_DYNAMIC_NO_PIC = NO;
				GCC_NO_COMMON_BLOCKS = YES;
				GCC_OPTIMIZATION_LEVEL = 0;
				GCC_PREPROCESSOR_DEFINITIONS = (
					"DEBUG=1",
					"$(inherited)",
				);
				GCC_WARN_64_TO_32_BIT_CONVERSION = YES;
				GCC_WARN_ABOUT_RETURN_TYPE = YES_ERROR;
				GCC_WARN_UNDECLARED_SELECTOR = YES;
				GCC_WARN_UNINITIALIZED_AUTOS = YES_AGGRESSIVE;
				GCC_WARN_UNUSED_FUNCTION = YES;
				GCC_WARN_UNUSED_VARIABLE = YES;
				IPHONEOS_DEPLOYMENT_TARGET = 16.4;
				MTL_ENABLE_DEBUG_INFO = INCLUDE_SOURCE;
				MTL_FAST_MATH = YES;
				ONLY_ACTIVE_ARCH = YES;
				SDKROOT = iphoneos;
				SWIFT_ACTIVE_COMPILATION_CONDITIONS = DEBUG;
				SWIFT_OPTIMIZATION_LEVEL = "-Onone";
			};
			name = Debug;
		};
		6690D05A2AA55E66005C0DE2 /* Release */ = {
			isa = XCBuildConfiguration;
			buildSettings = {
				ALWAYS_SEARCH_USER_PATHS = NO;
				CLANG_ANALYZER_NONNULL = YES;
				CLANG_ANALYZER_NUMBER_OBJECT_CONVERSION = YES_AGGRESSIVE;
				CLANG_CXX_LANGUAGE_STANDARD = "gnu++20";
				CLANG_ENABLE_MODULES = YES;
				CLANG_ENABLE_OBJC_ARC = YES;
				CLANG_ENABLE_OBJC_WEAK = YES;
				CLANG_WARN_BLOCK_CAPTURE_AUTORELEASING = YES;
				CLANG_WARN_BOOL_CONVERSION = YES;
				CLANG_WARN_COMMA = YES;
				CLANG_WARN_CONSTANT_CONVERSION = YES;
				CLANG_WARN_DEPRECATED_OBJC_IMPLEMENTATIONS = YES;
				CLANG_WARN_DIRECT_OBJC_ISA_USAGE = YES_ERROR;
				CLANG_WARN_DOCUMENTATION_COMMENTS = YES;
				CLANG_WARN_EMPTY_BODY = YES;
				CLANG_WARN_ENUM_CONVERSION = YES;
				CLANG_WARN_INFINITE_RECURSION = YES;
				CLANG_WARN_INT_CONVERSION = YES;
				CLANG_WARN_NON_LITERAL_NULL_CONVERSION = YES;
				CLANG_WARN_OBJC_IMPLICIT_RETAIN_SELF = YES;
				CLANG_WARN_OBJC_LITERAL_CONVERSION = YES;
				CLANG_WARN_OBJC_ROOT_CLASS = YES_ERROR;
				CLANG_WARN_QUOTED_INCLUDE_IN_FRAMEWORK_HEADER = YES;
				CLANG_WARN_RANGE_LOOP_ANALYSIS = YES;
				CLANG_WARN_STRICT_PROTOTYPES = YES;
				CLANG_WARN_SUSPICIOUS_MOVE = YES;
				CLANG_WARN_UNGUARDED_AVAILABILITY = YES_AGGRESSIVE;
				CLANG_WARN_UNREACHABLE_CODE = YES;
				CLANG_WARN__DUPLICATE_METHOD_MATCH = YES;
				COPY_PHASE_STRIP = NO;
				DEBUG_INFORMATION_FORMAT = "dwarf-with-dsym";
				ENABLE_NS_ASSERTIONS = NO;
				ENABLE_STRICT_OBJC_MSGSEND = YES;
				GCC_C_LANGUAGE_STANDARD = gnu11;
				GCC_NO_COMMON_BLOCKS = YES;
				GCC_WARN_64_TO_32_BIT_CONVERSION = YES;
				GCC_WARN_ABOUT_RETURN_TYPE = YES_ERROR;
				GCC_WARN_UNDECLARED_SELECTOR = YES;
				GCC_WARN_UNINITIALIZED_AUTOS = YES_AGGRESSIVE;
				GCC_WARN_UNUSED_FUNCTION = YES;
				GCC_WARN_UNUSED_VARIABLE = YES;
				IPHONEOS_DEPLOYMENT_TARGET = 16.4;
				MTL_ENABLE_DEBUG_INFO = NO;
				MTL_FAST_MATH = YES;
				SDKROOT = iphoneos;
				SWIFT_COMPILATION_MODE = wholemodule;
				SWIFT_OPTIMIZATION_LEVEL = "-O";
				VALIDATE_PRODUCT = YES;
			};
			name = Release;
		};
		6690D05C2AA55E66005C0DE2 /* Debug */ = {
			isa = XCBuildConfiguration;
			buildSettings = {
				ASSETCATALOG_COMPILER_APPICON_NAME = AppIcon;
				ASSETCATALOG_COMPILER_GLOBAL_ACCENT_COLOR_NAME = AccentColor;
				CODE_SIGN_STYLE = Automatic;
				CURRENT_PROJECT_VERSION = 1;
				DEVELOPMENT_TEAM = Q6LLKHW795;
				GENERATE_INFOPLIST_FILE = YES;
				INFOPLIST_FILE = "SEL4C-APP/Info.plist";
				INFOPLIST_KEY_CFBundleDisplayName = SEL4C;
				INFOPLIST_KEY_LSApplicationCategoryType = "public.app-category.education";
				INFOPLIST_KEY_UIApplicationSupportsIndirectInputEvents = YES;
				INFOPLIST_KEY_UILaunchStoryboardName = LaunchScreen;
				INFOPLIST_KEY_UIMainStoryboardFile = Main;
				INFOPLIST_KEY_UISupportedInterfaceOrientations = UIInterfaceOrientationPortrait;
				INFOPLIST_KEY_UISupportedInterfaceOrientations_iPad = "UIInterfaceOrientationLandscapeLeft UIInterfaceOrientationLandscapeRight UIInterfaceOrientationPortrait UIInterfaceOrientationPortraitUpsideDown";
				IPHONEOS_DEPLOYMENT_TARGET = 15.0;
				LD_RUNPATH_SEARCH_PATHS = (
					"$(inherited)",
					"@executable_path/Frameworks",
				);
				MARKETING_VERSION = 1.0;
				PRODUCT_BUNDLE_IDENTIFIER = "mx.a01782488.SEL4C-APP";
				PRODUCT_NAME = "$(TARGET_NAME)";
				SWIFT_EMIT_LOC_STRINGS = YES;
				SWIFT_VERSION = 5.0;
				TARGETED_DEVICE_FAMILY = "1,2";
			};
			name = Debug;
		};
		6690D05D2AA55E66005C0DE2 /* Release */ = {
			isa = XCBuildConfiguration;
			buildSettings = {
				ASSETCATALOG_COMPILER_APPICON_NAME = AppIcon;
				ASSETCATALOG_COMPILER_GLOBAL_ACCENT_COLOR_NAME = AccentColor;
				CODE_SIGN_STYLE = Automatic;
				CURRENT_PROJECT_VERSION = 1;
				DEVELOPMENT_TEAM = Q6LLKHW795;
				GENERATE_INFOPLIST_FILE = YES;
				INFOPLIST_FILE = "SEL4C-APP/Info.plist";
				INFOPLIST_KEY_CFBundleDisplayName = SEL4C;
				INFOPLIST_KEY_LSApplicationCategoryType = "public.app-category.education";
				INFOPLIST_KEY_UIApplicationSupportsIndirectInputEvents = YES;
				INFOPLIST_KEY_UILaunchStoryboardName = LaunchScreen;
				INFOPLIST_KEY_UIMainStoryboardFile = Main;
				INFOPLIST_KEY_UISupportedInterfaceOrientations = UIInterfaceOrientationPortrait;
				INFOPLIST_KEY_UISupportedInterfaceOrientations_iPad = "UIInterfaceOrientationLandscapeLeft UIInterfaceOrientationLandscapeRight UIInterfaceOrientationPortrait UIInterfaceOrientationPortraitUpsideDown";
				IPHONEOS_DEPLOYMENT_TARGET = 15.0;
				LD_RUNPATH_SEARCH_PATHS = (
					"$(inherited)",
					"@executable_path/Frameworks",
				);
				MARKETING_VERSION = 1.0;
				PRODUCT_BUNDLE_IDENTIFIER = "mx.a01782488.SEL4C-APP";
				PRODUCT_NAME = "$(TARGET_NAME)";
				SWIFT_EMIT_LOC_STRINGS = YES;
				SWIFT_VERSION = 5.0;
				TARGETED_DEVICE_FAMILY = "1,2";
			};
			name = Release;
		};
/* End XCBuildConfiguration section */

/* Begin XCConfigurationList section */
		6660E7AC2ACE2D510053A5D7 /* Build configuration list for PBXNativeTarget "SEL4C-APP-Tests" */ = {
			isa = XCConfigurationList;
			buildConfigurations = (
				6660E7AD2ACE2D510053A5D7 /* Debug */,
				6660E7AE2ACE2D510053A5D7 /* Release */,
			);
			defaultConfigurationIsVisible = 0;
			defaultConfigurationName = Release;
		};
		6690D0422AA55E63005C0DE2 /* Build configuration list for PBXProject "SEL4C-APP" */ = {
			isa = XCConfigurationList;
			buildConfigurations = (
				6690D0592AA55E66005C0DE2 /* Debug */,
				6690D05A2AA55E66005C0DE2 /* Release */,
			);
			defaultConfigurationIsVisible = 0;
			defaultConfigurationName = Release;
		};
		6690D05B2AA55E66005C0DE2 /* Build configuration list for PBXNativeTarget "SEL4C-APP" */ = {
			isa = XCConfigurationList;
			buildConfigurations = (
				6690D05C2AA55E66005C0DE2 /* Debug */,
				6690D05D2AA55E66005C0DE2 /* Release */,
			);
			defaultConfigurationIsVisible = 0;
			defaultConfigurationName = Release;
		};
/* End XCConfigurationList section */
	};
	rootObject = 6690D03F2AA55E63005C0DE2 /* Project object */;
}
